
Microsoft Visual Studio Solution File, Format Version 11.00
# Visual Studio 2012
Project("{8BC9CEB8-8B4A-11D0-8D11-00A0C91BC942}") = "MySimpleCoroutine", "MySimpleCoroutine\MySimpleCoroutine.vcxproj", "{0BA8C8CD-00B7-4915-91F4-B415194A8EB4}"
EndProject
Global
	GlobalSection(SolutionConfigurationPlatforms) = preSolution
		Debug|Win32 = Debug|Win32
		Release|Win32 = Release|Win32
	EndGlobalSection
	GlobalSection(ProjectConfigurationPlatforms) = postSolution
		{0BA8C8CD-00B7-4915-91F4-B415194A8EB4}.Debug|Win32.ActiveCfg = Debug|Win32
		{0BA8C8CD-00B7-4915-91F4-B415194A8EB4}.Debug|Win32.Build.0 = Debug|Win32
		{0BA8C8CD-00B7-4915-91F4-B415194A8EB4}.Release|Win32.ActiveCfg = Release|Win32
		{0BA8C8CD-00B7-4915-91F4-B415194A8EB4}.Release|Win32.Build.0 = Release|Win32
	EndGlobalSection
	GlobalSection(SolutionProperties) = preSolution
		HideSolutionNode = FALSE
	EndGlobalSection
EndGlobal
